
Microsoft Visual Studio Solution File, Format Version 12.00
Project("{FAE04EC0-301F-11D3-BF4B-00C04F79EFBC}") = "SystemyWP.API", "SystemyWP.API\SystemyWP.API.csproj", "{C7E81B22-B7A8-45A7-8577-E998FFFEAB37}"
EndProject
Project("{FAE04EC0-301F-11D3-BF4B-00C04F79EFBC}") = "SystemyWP.API.Gastronomy", "SystemyWP.API.Gastronomy\SystemyWP.API.Gastronomy.csproj", "{8C4C01C7-1BFE-4C78-BDDA-22AC47CB223D}"
EndProject
Project("{FAE04EC0-301F-11D3-BF4B-00C04F79EFBC}") = "SystemyWP.API.Gastronomy.Tests", "SystemyWP.API.Gastronomy.Tests\SystemyWP.API.Gastronomy.Tests.csproj", "{B780BAF5-30B2-4D39-8CB9-00009280342D}"
EndProject
Project("{FAE04EC0-301F-11D3-BF4B-00C04F79EFBC}") = "SystemyWP.API.Tests", "SystemyWP.API.Tests\SystemyWP.API.Tests.csproj", "{21865C31-08A8-45F7-9A35-4566D26E58EE}"
EndProject
Project("{FAE04EC0-301F-11D3-BF4B-00C04F79EFBC}") = "SystemyWP.API.Logistics", "SystemyWP.API.Logistics\SystemyWP.API.Logistics.csproj", "{132DD1D4-6119-4A86-877A-A511AAA50C26}"
EndProject
Global
	GlobalSection(SolutionConfigurationPlatforms) = preSolution
		Debug|Any CPU = Debug|Any CPU
		Release|Any CPU = Release|Any CPU
	EndGlobalSection
	GlobalSection(ProjectConfigurationPlatforms) = postSolution
		{C7E81B22-B7A8-45A7-8577-E998FFFEAB37}.Debug|Any CPU.ActiveCfg = Debug|Any CPU
		{C7E81B22-B7A8-45A7-8577-E998FFFEAB37}.Debug|Any CPU.Build.0 = Debug|Any CPU
		{C7E81B22-B7A8-45A7-8577-E998FFFEAB37}.Release|Any CPU.ActiveCfg = Release|Any CPU
		{C7E81B22-B7A8-45A7-8577-E998FFFEAB37}.Release|Any CPU.Build.0 = Release|Any CPU
		{8C4C01C7-1BFE-4C78-BDDA-22AC47CB223D}.Debug|Any CPU.ActiveCfg = Debug|Any CPU
		{8C4C01C7-1BFE-4C78-BDDA-22AC47CB223D}.Debug|Any CPU.Build.0 = Debug|Any CPU
		{8C4C01C7-1BFE-4C78-BDDA-22AC47CB223D}.Release|Any CPU.ActiveCfg = Release|Any CPU
		{8C4C01C7-1BFE-4C78-BDDA-22AC47CB223D}.Release|Any CPU.Build.0 = Release|Any CPU
		{B780BAF5-30B2-4D39-8CB9-00009280342D}.Debug|Any CPU.ActiveCfg = Debug|Any CPU
		{B780BAF5-30B2-4D39-8CB9-00009280342D}.Debug|Any CPU.Build.0 = Debug|Any CPU
		{B780BAF5-30B2-4D39-8CB9-00009280342D}.Release|Any CPU.ActiveCfg = Release|Any CPU
		{B780BAF5-30B2-4D39-8CB9-00009280342D}.Release|Any CPU.Build.0 = Release|Any CPU
		{21865C31-08A8-45F7-9A35-4566D26E58EE}.Debug|Any CPU.ActiveCfg = Debug|Any CPU
		{21865C31-08A8-45F7-9A35-4566D26E58EE}.Debug|Any CPU.Build.0 = Debug|Any CPU
		{21865C31-08A8-45F7-9A35-4566D26E58EE}.Release|Any CPU.ActiveCfg = Release|Any CPU
		{21865C31-08A8-45F7-9A35-4566D26E58EE}.Release|Any CPU.Build.0 = Release|Any CPU
		{132DD1D4-6119-4A86-877A-A511AAA50C26}.Debug|Any CPU.ActiveCfg = Debug|Any CPU
		{132DD1D4-6119-4A86-877A-A511AAA50C26}.Debug|Any CPU.Build.0 = Debug|Any CPU
		{132DD1D4-6119-4A86-877A-A511AAA50C26}.Release|Any CPU.ActiveCfg = Release|Any CPU
		{132DD1D4-6119-4A86-877A-A511AAA50C26}.Release|Any CPU.Build.0 = Release|Any CPU
	EndGlobalSection
EndGlobal
