
Microsoft Visual Studio Solution File, Format Version 12.00
Project("{FAE04EC0-301F-11D3-BF4B-00C04F79EFBC}") = "SystemyWP.API", "SystemyWP.API\SystemyWP.API.csproj", "{C7E81B22-B7A8-45A7-8577-E998FFFEAB37}"
EndProject
Project("{FAE04EC0-301F-11D3-BF4B-00C04F79EFBC}") = "SystemyWP.API.Gastronomy", "SystemyWP.API.Gastronomy\SystemyWP.API.Gastronomy.csproj", "{8C4C01C7-1BFE-4C78-BDDA-22AC47CB223D}"
EndProject
Project("{FAE04EC0-301F-11D3-BF4B-00C04F79EFBC}") = "SystemyWP.API.Test", "SystemyWP.API.Test\SystemyWP.API.Test.csproj", "{E0CDB95D-8A2E-4F94-A35D-AD9972F87FD5}"
EndProject
Project("{FAE04EC0-301F-11D3-BF4B-00C04F79EFBC}") = "SystemyWP.Tests", "SystemyWP.Tests\SystemyWP.Tests.csproj", "{5658002E-BAD1-49F6-9520-776D2E3BF7E3}"
EndProject
Project("{FAE04EC0-301F-11D3-BF4B-00C04F79EFBC}") = "SystemyWP.Lib.Shared.DTOs", "SystemyWP.Lib.Shared.DTOs\SystemyWP.Lib.Shared.DTOs.csproj", "{974CC7EB-3312-4157-B61C-27305F80586C}"
EndProject
Global
	GlobalSection(SolutionConfigurationPlatforms) = preSolution
		Debug|Any CPU = Debug|Any CPU
		Release|Any CPU = Release|Any CPU
	EndGlobalSection
	GlobalSection(ProjectConfigurationPlatforms) = postSolution
		{C7E81B22-B7A8-45A7-8577-E998FFFEAB37}.Debug|Any CPU.ActiveCfg = Debug|Any CPU
		{C7E81B22-B7A8-45A7-8577-E998FFFEAB37}.Debug|Any CPU.Build.0 = Debug|Any CPU
		{C7E81B22-B7A8-45A7-8577-E998FFFEAB37}.Release|Any CPU.ActiveCfg = Release|Any CPU
		{C7E81B22-B7A8-45A7-8577-E998FFFEAB37}.Release|Any CPU.Build.0 = Release|Any CPU
		{8C4C01C7-1BFE-4C78-BDDA-22AC47CB223D}.Debug|Any CPU.ActiveCfg = Debug|Any CPU
		{8C4C01C7-1BFE-4C78-BDDA-22AC47CB223D}.Debug|Any CPU.Build.0 = Debug|Any CPU
		{8C4C01C7-1BFE-4C78-BDDA-22AC47CB223D}.Release|Any CPU.ActiveCfg = Release|Any CPU
		{8C4C01C7-1BFE-4C78-BDDA-22AC47CB223D}.Release|Any CPU.Build.0 = Release|Any CPU
		{E0CDB95D-8A2E-4F94-A35D-AD9972F87FD5}.Debug|Any CPU.ActiveCfg = Debug|Any CPU
		{E0CDB95D-8A2E-4F94-A35D-AD9972F87FD5}.Debug|Any CPU.Build.0 = Debug|Any CPU
		{E0CDB95D-8A2E-4F94-A35D-AD9972F87FD5}.Release|Any CPU.ActiveCfg = Release|Any CPU
		{E0CDB95D-8A2E-4F94-A35D-AD9972F87FD5}.Release|Any CPU.Build.0 = Release|Any CPU
		{5658002E-BAD1-49F6-9520-776D2E3BF7E3}.Debug|Any CPU.ActiveCfg = Debug|Any CPU
		{5658002E-BAD1-49F6-9520-776D2E3BF7E3}.Debug|Any CPU.Build.0 = Debug|Any CPU
		{5658002E-BAD1-49F6-9520-776D2E3BF7E3}.Release|Any CPU.ActiveCfg = Release|Any CPU
		{5658002E-BAD1-49F6-9520-776D2E3BF7E3}.Release|Any CPU.Build.0 = Release|Any CPU
		{974CC7EB-3312-4157-B61C-27305F80586C}.Debug|Any CPU.ActiveCfg = Debug|Any CPU
		{974CC7EB-3312-4157-B61C-27305F80586C}.Debug|Any CPU.Build.0 = Debug|Any CPU
		{974CC7EB-3312-4157-B61C-27305F80586C}.Release|Any CPU.ActiveCfg = Release|Any CPU
		{974CC7EB-3312-4157-B61C-27305F80586C}.Release|Any CPU.Build.0 = Release|Any CPU
	EndGlobalSection
EndGlobal
